
Microsoft Visual Studio Solution File, Format Version 12.00
# Visual Studio Version 16
VisualStudioVersion = 16.0.32407.337
MinimumVisualStudioVersion = 10.0.40219.1
Project("{FAE04EC0-301F-11D3-BF4B-00C04F79EFBC}") = "ex201", "ex201\ex201.csproj", "{ACA3F686-0DBC-4DB9-AD61-5EF121292AD8}"
EndProject
Project("{FAE04EC0-301F-11D3-BF4B-00C04F79EFBC}") = "ex202", "ex202\ex202.csproj", "{0AD55045-7DDD-4BFD-9C62-96EA0994A244}"
EndProject
Project("{FAE04EC0-301F-11D3-BF4B-00C04F79EFBC}") = "ex203", "ex203\ex203.csproj", "{4C18A263-5B11-4558-ABA4-59537E267BFC}"
EndProject
Project("{FAE04EC0-301F-11D3-BF4B-00C04F79EFBC}") = "ex204", "ex204\ex204.csproj", "{526EA130-25DA-43B4-A6EB-6768798DB493}"
EndProject
Project("{FAE04EC0-301F-11D3-BF4B-00C04F79EFBC}") = "ex205", "ex205\ex205.csproj", "{155DB9E6-5310-441C-93F6-E22CCB01BC4F}"
EndProject
Project("{FAE04EC0-301F-11D3-BF4B-00C04F79EFBC}") = "ex206", "ex206\ex206.csproj", "{962666FD-2E9B-4E10-8FA0-FCAD799D67B4}"
EndProject
Project("{FAE04EC0-301F-11D3-BF4B-00C04F79EFBC}") = "ex207", "ex207\ex207.csproj", "{D4DDE3E2-D015-4A34-B171-92724F8C3066}"
EndProject
Project("{FAE04EC0-301F-11D3-BF4B-00C04F79EFBC}") = "ex208", "ex208\ex208.csproj", "{63E620C5-3296-48F1-8F2A-C0CF0872473E}"
EndProject
Project("{FAE04EC0-301F-11D3-BF4B-00C04F79EFBC}") = "ex209", "ex209\ex209.csproj", "{164823E7-9F67-455C-B58E-98A1F8919175}"
EndProject
Project("{FAE04EC0-301F-11D3-BF4B-00C04F79EFBC}") = "ex212", "ex212\ex212.csproj", "{9E54E7CB-3234-4888-AD76-7CB5FB295EAE}"
EndProject
Project("{FAE04EC0-301F-11D3-BF4B-00C04F79EFBC}") = "ex213", "ex213\ex213.csproj", "{41FACDB6-6D90-41AA-9FFB-FDDD9C8D75D7}"
EndProject
Project("{FAE04EC0-301F-11D3-BF4B-00C04F79EFBC}") = "ex214", "ex214\ex214.csproj", "{622CE21E-EBF9-4C96-B07D-9444578FEC51}"
EndProject
Project("{FAE04EC0-301F-11D3-BF4B-00C04F79EFBC}") = "ex215", "ex215\ex215.csproj", "{39621997-EC19-400C-AF4C-C1E1ADC3C87D}"
EndProject
Project("{FAE04EC0-301F-11D3-BF4B-00C04F79EFBC}") = "ex216", "ex216\ex216.csproj", "{EB1C2466-705A-4F99-8080-0C3F113AB4BA}"
EndProject
Project("{FAE04EC0-301F-11D3-BF4B-00C04F79EFBC}") = "ex218", "ex218\ex218.csproj", "{787862FF-920C-41E6-A2D2-3169E440C0D8}"
EndProject
Project("{FAE04EC0-301F-11D3-BF4B-00C04F79EFBC}") = "ex219", "ex219\ex219.csproj", "{E0E35F83-DDDB-4756-8EB1-1420F92CF09D}"
EndProject
Global
	GlobalSection(SolutionConfigurationPlatforms) = preSolution
		Debug|Any CPU = Debug|Any CPU
		Release|Any CPU = Release|Any CPU
	EndGlobalSection
	GlobalSection(ProjectConfigurationPlatforms) = postSolution
		{ACA3F686-0DBC-4DB9-AD61-5EF121292AD8}.Debug|Any CPU.ActiveCfg = Debug|Any CPU
		{ACA3F686-0DBC-4DB9-AD61-5EF121292AD8}.Debug|Any CPU.Build.0 = Debug|Any CPU
		{ACA3F686-0DBC-4DB9-AD61-5EF121292AD8}.Release|Any CPU.ActiveCfg = Release|Any CPU
		{ACA3F686-0DBC-4DB9-AD61-5EF121292AD8}.Release|Any CPU.Build.0 = Release|Any CPU
		{0AD55045-7DDD-4BFD-9C62-96EA0994A244}.Debug|Any CPU.ActiveCfg = Debug|Any CPU
		{0AD55045-7DDD-4BFD-9C62-96EA0994A244}.Debug|Any CPU.Build.0 = Debug|Any CPU
		{0AD55045-7DDD-4BFD-9C62-96EA0994A244}.Release|Any CPU.ActiveCfg = Release|Any CPU
		{0AD55045-7DDD-4BFD-9C62-96EA0994A244}.Release|Any CPU.Build.0 = Release|Any CPU
		{4C18A263-5B11-4558-ABA4-59537E267BFC}.Debug|Any CPU.ActiveCfg = Debug|Any CPU
		{4C18A263-5B11-4558-ABA4-59537E267BFC}.Debug|Any CPU.Build.0 = Debug|Any CPU
		{4C18A263-5B11-4558-ABA4-59537E267BFC}.Release|Any CPU.ActiveCfg = Release|Any CPU
		{4C18A263-5B11-4558-ABA4-59537E267BFC}.Release|Any CPU.Build.0 = Release|Any CPU
		{526EA130-25DA-43B4-A6EB-6768798DB493}.Debug|Any CPU.ActiveCfg = Debug|Any CPU
		{526EA130-25DA-43B4-A6EB-6768798DB493}.Debug|Any CPU.Build.0 = Debug|Any CPU
		{526EA130-25DA-43B4-A6EB-6768798DB493}.Release|Any CPU.ActiveCfg = Release|Any CPU
		{526EA130-25DA-43B4-A6EB-6768798DB493}.Release|Any CPU.Build.0 = Release|Any CPU
		{155DB9E6-5310-441C-93F6-E22CCB01BC4F}.Debug|Any CPU.ActiveCfg = Debug|Any CPU
		{155DB9E6-5310-441C-93F6-E22CCB01BC4F}.Debug|Any CPU.Build.0 = Debug|Any CPU
		{155DB9E6-5310-441C-93F6-E22CCB01BC4F}.Release|Any CPU.ActiveCfg = Release|Any CPU
		{155DB9E6-5310-441C-93F6-E22CCB01BC4F}.Release|Any CPU.Build.0 = Release|Any CPU
		{962666FD-2E9B-4E10-8FA0-FCAD799D67B4}.Debug|Any CPU.ActiveCfg = Debug|Any CPU
		{962666FD-2E9B-4E10-8FA0-FCAD799D67B4}.Debug|Any CPU.Build.0 = Debug|Any CPU
		{962666FD-2E9B-4E10-8FA0-FCAD799D67B4}.Release|Any CPU.ActiveCfg = Release|Any CPU
		{962666FD-2E9B-4E10-8FA0-FCAD799D67B4}.Release|Any CPU.Build.0 = Release|Any CPU
		{D4DDE3E2-D015-4A34-B171-92724F8C3066}.Debug|Any CPU.ActiveCfg = Debug|Any CPU
		{D4DDE3E2-D015-4A34-B171-92724F8C3066}.Debug|Any CPU.Build.0 = Debug|Any CPU
		{D4DDE3E2-D015-4A34-B171-92724F8C3066}.Release|Any CPU.ActiveCfg = Release|Any CPU
		{D4DDE3E2-D015-4A34-B171-92724F8C3066}.Release|Any CPU.Build.0 = Release|Any CPU
		{63E620C5-3296-48F1-8F2A-C0CF0872473E}.Debug|Any CPU.ActiveCfg = Debug|Any CPU
		{63E620C5-3296-48F1-8F2A-C0CF0872473E}.Debug|Any CPU.Build.0 = Debug|Any CPU
		{63E620C5-3296-48F1-8F2A-C0CF0872473E}.Release|Any CPU.ActiveCfg = Release|Any CPU
		{63E620C5-3296-48F1-8F2A-C0CF0872473E}.Release|Any CPU.Build.0 = Release|Any CPU
		{164823E7-9F67-455C-B58E-98A1F8919175}.Debug|Any CPU.ActiveCfg = Debug|Any CPU
		{164823E7-9F67-455C-B58E-98A1F8919175}.Debug|Any CPU.Build.0 = Debug|Any CPU
		{164823E7-9F67-455C-B58E-98A1F8919175}.Release|Any CPU.ActiveCfg = Release|Any CPU
		{164823E7-9F67-455C-B58E-98A1F8919175}.Release|Any CPU.Build.0 = Release|Any CPU
		{9E54E7CB-3234-4888-AD76-7CB5FB295EAE}.Debug|Any CPU.ActiveCfg = Debug|Any CPU
		{9E54E7CB-3234-4888-AD76-7CB5FB295EAE}.Debug|Any CPU.Build.0 = Debug|Any CPU
		{9E54E7CB-3234-4888-AD76-7CB5FB295EAE}.Release|Any CPU.ActiveCfg = Release|Any CPU
		{9E54E7CB-3234-4888-AD76-7CB5FB295EAE}.Release|Any CPU.Build.0 = Release|Any CPU
		{41FACDB6-6D90-41AA-9FFB-FDDD9C8D75D7}.Debug|Any CPU.ActiveCfg = Debug|Any CPU
		{41FACDB6-6D90-41AA-9FFB-FDDD9C8D75D7}.Debug|Any CPU.Build.0 = Debug|Any CPU
		{41FACDB6-6D90-41AA-9FFB-FDDD9C8D75D7}.Release|Any CPU.ActiveCfg = Release|Any CPU
		{41FACDB6-6D90-41AA-9FFB-FDDD9C8D75D7}.Release|Any CPU.Build.0 = Release|Any CPU
		{622CE21E-EBF9-4C96-B07D-9444578FEC51}.Debug|Any CPU.ActiveCfg = Debug|Any CPU
		{622CE21E-EBF9-4C96-B07D-9444578FEC51}.Debug|Any CPU.Build.0 = Debug|Any CPU
		{622CE21E-EBF9-4C96-B07D-9444578FEC51}.Release|Any CPU.ActiveCfg = Release|Any CPU
		{622CE21E-EBF9-4C96-B07D-9444578FEC51}.Release|Any CPU.Build.0 = Release|Any CPU
		{39621997-EC19-400C-AF4C-C1E1ADC3C87D}.Debug|Any CPU.ActiveCfg = Debug|Any CPU
		{39621997-EC19-400C-AF4C-C1E1ADC3C87D}.Debug|Any CPU.Build.0 = Debug|Any CPU
		{39621997-EC19-400C-AF4C-C1E1ADC3C87D}.Release|Any CPU.ActiveCfg = Release|Any CPU
		{39621997-EC19-400C-AF4C-C1E1ADC3C87D}.Release|Any CPU.Build.0 = Release|Any CPU
		{EB1C2466-705A-4F99-8080-0C3F113AB4BA}.Debug|Any CPU.ActiveCfg = Debug|Any CPU
		{EB1C2466-705A-4F99-8080-0C3F113AB4BA}.Debug|Any CPU.Build.0 = Debug|Any CPU
		{EB1C2466-705A-4F99-8080-0C3F113AB4BA}.Release|Any CPU.ActiveCfg = Release|Any CPU
		{EB1C2466-705A-4F99-8080-0C3F113AB4BA}.Release|Any CPU.Build.0 = Release|Any CPU
		{787862FF-920C-41E6-A2D2-3169E440C0D8}.Debug|Any CPU.ActiveCfg = Debug|Any CPU
		{787862FF-920C-41E6-A2D2-3169E440C0D8}.Debug|Any CPU.Build.0 = Debug|Any CPU
		{787862FF-920C-41E6-A2D2-3169E440C0D8}.Release|Any CPU.ActiveCfg = Release|Any CPU
		{787862FF-920C-41E6-A2D2-3169E440C0D8}.Release|Any CPU.Build.0 = Release|Any CPU
		{E0E35F83-DDDB-4756-8EB1-1420F92CF09D}.Debug|Any CPU.ActiveCfg = Debug|Any CPU
		{E0E35F83-DDDB-4756-8EB1-1420F92CF09D}.Debug|Any CPU.Build.0 = Debug|Any CPU
		{E0E35F83-DDDB-4756-8EB1-1420F92CF09D}.Release|Any CPU.ActiveCfg = Release|Any CPU
		{E0E35F83-DDDB-4756-8EB1-1420F92CF09D}.Release|Any CPU.Build.0 = Release|Any CPU
	EndGlobalSection
	GlobalSection(SolutionProperties) = preSolution
		HideSolutionNode = FALSE
	EndGlobalSection
	GlobalSection(ExtensibilityGlobals) = postSolution
		SolutionGuid = {75FFF48D-C501-4389-B76E-8833B1599376}
	EndGlobalSection
EndGlobal
