
Microsoft Visual Studio Solution File, Format Version 12.00
# Visual Studio Version 16
VisualStudioVersion = 16.0.810.21
MinimumVisualStudioVersion = 10.0.40219.1
Project("{FAE04EC0-301F-11D3-BF4B-00C04F79EFBC}") = "213", "213\213.csproj", "{B46F2F1A-3AC4-48DB-BEFF-2AF2687000E4}"
EndProject
Global
	GlobalSection(SolutionConfigurationPlatforms) = preSolution
		Debug|Any CPU = Debug|Any CPU
		Release|Any CPU = Release|Any CPU
	EndGlobalSection
	GlobalSection(ProjectConfigurationPlatforms) = postSolution
		{B46F2F1A-3AC4-48DB-BEFF-2AF2687000E4}.Debug|Any CPU.ActiveCfg = Debug|Any CPU
		{B46F2F1A-3AC4-48DB-BEFF-2AF2687000E4}.Debug|Any CPU.Build.0 = Debug|Any CPU
		{B46F2F1A-3AC4-48DB-BEFF-2AF2687000E4}.Release|Any CPU.ActiveCfg = Release|Any CPU
		{B46F2F1A-3AC4-48DB-BEFF-2AF2687000E4}.Release|Any CPU.Build.0 = Release|Any CPU
	EndGlobalSection
	GlobalSection(SolutionProperties) = preSolution
		HideSolutionNode = FALSE
	EndGlobalSection
	GlobalSection(ExtensibilityGlobals) = postSolution
		SolutionGuid = {710EEC25-DE98-49FD-AAD4-10D64AC279C6}
	EndGlobalSection
EndGlobal
