
Microsoft Visual Studio Solution File, Format Version 12.00
# Visual Studio 15
VisualStudioVersion = 15.0.28307.1831
MinimumVisualStudioVersion = 10.0.40219.1
Project("{FAE04EC0-301F-11D3-BF4B-00C04F79EFBC}") = "Задача6_8", "Задача6_8\Задача6_8.csproj", "{3170FD65-5A10-45AD-8A47-271C63320391}"
EndProject
Global
	GlobalSection(SolutionConfigurationPlatforms) = preSolution
		Debug|Any CPU = Debug|Any CPU
		Release|Any CPU = Release|Any CPU
	EndGlobalSection
	GlobalSection(ProjectConfigurationPlatforms) = postSolution
		{3170FD65-5A10-45AD-8A47-271C63320391}.Debug|Any CPU.ActiveCfg = Debug|Any CPU
		{3170FD65-5A10-45AD-8A47-271C63320391}.Debug|Any CPU.Build.0 = Debug|Any CPU
		{3170FD65-5A10-45AD-8A47-271C63320391}.Release|Any CPU.ActiveCfg = Release|Any CPU
		{3170FD65-5A10-45AD-8A47-271C63320391}.Release|Any CPU.Build.0 = Release|Any CPU
	EndGlobalSection
	GlobalSection(SolutionProperties) = preSolution
		HideSolutionNode = FALSE
	EndGlobalSection
	GlobalSection(ExtensibilityGlobals) = postSolution
		SolutionGuid = {7881F21B-37DA-4C81-91EC-8E61914E9351}
	EndGlobalSection
EndGlobal
