
Microsoft Visual Studio Solution File, Format Version 12.00
# Visual Studio Version 17
VisualStudioVersion = 17.1.32328.378
MinimumVisualStudioVersion = 10.0.40219.1
Project("{FAE04EC0-301F-11D3-BF4B-00C04F79EFBC}") = "202", "202\202.csproj", "{B3C18704-0056-46A1-A22B-4E938ACC7512}"
EndProject
Project("{FAE04EC0-301F-11D3-BF4B-00C04F79EFBC}") = "203", "203\203.csproj", "{BC54E023-FE23-4185-850A-058197565796}"
EndProject
Project("{FAE04EC0-301F-11D3-BF4B-00C04F79EFBC}") = "204", "204\204.csproj", "{64F246B0-8E71-4877-9249-80BE51F4EF62}"
EndProject
Project("{FAE04EC0-301F-11D3-BF4B-00C04F79EFBC}") = "205", "205\205.csproj", "{4E08AB6C-C3A0-495C-9760-7E858DE9574C}"
EndProject
Project("{FAE04EC0-301F-11D3-BF4B-00C04F79EFBC}") = "206", "206\206.csproj", "{4949A8DB-537E-4DF0-A422-BCD7DAFBC5A0}"
EndProject
Project("{FAE04EC0-301F-11D3-BF4B-00C04F79EFBC}") = "207", "207\207.csproj", "{80FF0218-9386-4033-A8F2-B11F39822F89}"
EndProject
Project("{FAE04EC0-301F-11D3-BF4B-00C04F79EFBC}") = "208", "208\208.csproj", "{4582A9F4-A162-4907-933E-046D017B72CD}"
EndProject
Project("{FAE04EC0-301F-11D3-BF4B-00C04F79EFBC}") = "209", "209\209.csproj", "{D42B587E-B1D3-4CA1-920E-670B1C9299FC}"
EndProject
Project("{FAE04EC0-301F-11D3-BF4B-00C04F79EFBC}") = "212", "212\212.csproj", "{28FB8BFD-192F-4738-9CDF-D108CECA93CD}"
EndProject
Project("{FAE04EC0-301F-11D3-BF4B-00C04F79EFBC}") = "213", "213\213.csproj", "{F7A11EF2-8706-49E6-B090-B90E262FE89A}"
EndProject
Project("{FAE04EC0-301F-11D3-BF4B-00C04F79EFBC}") = "214", "214\214.csproj", "{FA7CD82D-673D-421E-BBFA-FB26F5A1579B}"
EndProject
Project("{FAE04EC0-301F-11D3-BF4B-00C04F79EFBC}") = "215", "215\215.csproj", "{D906A087-6357-412C-BFD4-D92419844FE5}"
EndProject
Project("{FAE04EC0-301F-11D3-BF4B-00C04F79EFBC}") = "216", "216\216.csproj", "{AB9D9F96-68EB-4A27-8C0F-1B883129FC5A}"
EndProject
Project("{FAE04EC0-301F-11D3-BF4B-00C04F79EFBC}") = "218", "218\218.csproj", "{59A88863-DA1C-4965-9B2B-A0A4042DD742}"
EndProject
Project("{FAE04EC0-301F-11D3-BF4B-00C04F79EFBC}") = "219", "219\219.csproj", "{8F1A5A6E-1EC9-4C4E-AA60-D3D52AC4FD28}"
EndProject
Project("{FAE04EC0-301F-11D3-BF4B-00C04F79EFBC}") = "220", "220\220.csproj", "{8FB11A52-7860-49A8-B8EE-A69073FF3F13}"
EndProject
Project("{FAE04EC0-301F-11D3-BF4B-00C04F79EFBC}") = "221", "221\221.csproj", "{F086DE24-F59B-4394-89B4-048B11FE24A1}"
EndProject
Project("{FAE04EC0-301F-11D3-BF4B-00C04F79EFBC}") = "200", "200\200.csproj", "{837A32A5-00EF-421A-86B3-F012B1935BE2}"
EndProject
Global
	GlobalSection(SolutionConfigurationPlatforms) = preSolution
		Debug|Any CPU = Debug|Any CPU
		Release|Any CPU = Release|Any CPU
	EndGlobalSection
	GlobalSection(ProjectConfigurationPlatforms) = postSolution
		{B3C18704-0056-46A1-A22B-4E938ACC7512}.Debug|Any CPU.ActiveCfg = Debug|Any CPU
		{B3C18704-0056-46A1-A22B-4E938ACC7512}.Debug|Any CPU.Build.0 = Debug|Any CPU
		{B3C18704-0056-46A1-A22B-4E938ACC7512}.Release|Any CPU.ActiveCfg = Release|Any CPU
		{B3C18704-0056-46A1-A22B-4E938ACC7512}.Release|Any CPU.Build.0 = Release|Any CPU
		{BC54E023-FE23-4185-850A-058197565796}.Debug|Any CPU.ActiveCfg = Debug|Any CPU
		{BC54E023-FE23-4185-850A-058197565796}.Debug|Any CPU.Build.0 = Debug|Any CPU
		{BC54E023-FE23-4185-850A-058197565796}.Release|Any CPU.ActiveCfg = Release|Any CPU
		{BC54E023-FE23-4185-850A-058197565796}.Release|Any CPU.Build.0 = Release|Any CPU
		{64F246B0-8E71-4877-9249-80BE51F4EF62}.Debug|Any CPU.ActiveCfg = Debug|Any CPU
		{64F246B0-8E71-4877-9249-80BE51F4EF62}.Debug|Any CPU.Build.0 = Debug|Any CPU
		{64F246B0-8E71-4877-9249-80BE51F4EF62}.Release|Any CPU.ActiveCfg = Release|Any CPU
		{64F246B0-8E71-4877-9249-80BE51F4EF62}.Release|Any CPU.Build.0 = Release|Any CPU
		{4E08AB6C-C3A0-495C-9760-7E858DE9574C}.Debug|Any CPU.ActiveCfg = Debug|Any CPU
		{4E08AB6C-C3A0-495C-9760-7E858DE9574C}.Debug|Any CPU.Build.0 = Debug|Any CPU
		{4E08AB6C-C3A0-495C-9760-7E858DE9574C}.Release|Any CPU.ActiveCfg = Release|Any CPU
		{4E08AB6C-C3A0-495C-9760-7E858DE9574C}.Release|Any CPU.Build.0 = Release|Any CPU
		{4949A8DB-537E-4DF0-A422-BCD7DAFBC5A0}.Debug|Any CPU.ActiveCfg = Debug|Any CPU
		{4949A8DB-537E-4DF0-A422-BCD7DAFBC5A0}.Debug|Any CPU.Build.0 = Debug|Any CPU
		{4949A8DB-537E-4DF0-A422-BCD7DAFBC5A0}.Release|Any CPU.ActiveCfg = Release|Any CPU
		{4949A8DB-537E-4DF0-A422-BCD7DAFBC5A0}.Release|Any CPU.Build.0 = Release|Any CPU
		{80FF0218-9386-4033-A8F2-B11F39822F89}.Debug|Any CPU.ActiveCfg = Debug|Any CPU
		{80FF0218-9386-4033-A8F2-B11F39822F89}.Debug|Any CPU.Build.0 = Debug|Any CPU
		{80FF0218-9386-4033-A8F2-B11F39822F89}.Release|Any CPU.ActiveCfg = Release|Any CPU
		{80FF0218-9386-4033-A8F2-B11F39822F89}.Release|Any CPU.Build.0 = Release|Any CPU
		{4582A9F4-A162-4907-933E-046D017B72CD}.Debug|Any CPU.ActiveCfg = Debug|Any CPU
		{4582A9F4-A162-4907-933E-046D017B72CD}.Debug|Any CPU.Build.0 = Debug|Any CPU
		{4582A9F4-A162-4907-933E-046D017B72CD}.Release|Any CPU.ActiveCfg = Release|Any CPU
		{4582A9F4-A162-4907-933E-046D017B72CD}.Release|Any CPU.Build.0 = Release|Any CPU
		{D42B587E-B1D3-4CA1-920E-670B1C9299FC}.Debug|Any CPU.ActiveCfg = Debug|Any CPU
		{D42B587E-B1D3-4CA1-920E-670B1C9299FC}.Debug|Any CPU.Build.0 = Debug|Any CPU
		{D42B587E-B1D3-4CA1-920E-670B1C9299FC}.Release|Any CPU.ActiveCfg = Release|Any CPU
		{D42B587E-B1D3-4CA1-920E-670B1C9299FC}.Release|Any CPU.Build.0 = Release|Any CPU
		{28FB8BFD-192F-4738-9CDF-D108CECA93CD}.Debug|Any CPU.ActiveCfg = Debug|Any CPU
		{28FB8BFD-192F-4738-9CDF-D108CECA93CD}.Debug|Any CPU.Build.0 = Debug|Any CPU
		{28FB8BFD-192F-4738-9CDF-D108CECA93CD}.Release|Any CPU.ActiveCfg = Release|Any CPU
		{28FB8BFD-192F-4738-9CDF-D108CECA93CD}.Release|Any CPU.Build.0 = Release|Any CPU
		{F7A11EF2-8706-49E6-B090-B90E262FE89A}.Debug|Any CPU.ActiveCfg = Debug|Any CPU
		{F7A11EF2-8706-49E6-B090-B90E262FE89A}.Debug|Any CPU.Build.0 = Debug|Any CPU
		{F7A11EF2-8706-49E6-B090-B90E262FE89A}.Release|Any CPU.ActiveCfg = Release|Any CPU
		{F7A11EF2-8706-49E6-B090-B90E262FE89A}.Release|Any CPU.Build.0 = Release|Any CPU
		{FA7CD82D-673D-421E-BBFA-FB26F5A1579B}.Debug|Any CPU.ActiveCfg = Debug|Any CPU
		{FA7CD82D-673D-421E-BBFA-FB26F5A1579B}.Debug|Any CPU.Build.0 = Debug|Any CPU
		{FA7CD82D-673D-421E-BBFA-FB26F5A1579B}.Release|Any CPU.ActiveCfg = Release|Any CPU
		{FA7CD82D-673D-421E-BBFA-FB26F5A1579B}.Release|Any CPU.Build.0 = Release|Any CPU
		{D906A087-6357-412C-BFD4-D92419844FE5}.Debug|Any CPU.ActiveCfg = Debug|Any CPU
		{D906A087-6357-412C-BFD4-D92419844FE5}.Debug|Any CPU.Build.0 = Debug|Any CPU
		{D906A087-6357-412C-BFD4-D92419844FE5}.Release|Any CPU.ActiveCfg = Release|Any CPU
		{D906A087-6357-412C-BFD4-D92419844FE5}.Release|Any CPU.Build.0 = Release|Any CPU
		{AB9D9F96-68EB-4A27-8C0F-1B883129FC5A}.Debug|Any CPU.ActiveCfg = Debug|Any CPU
		{AB9D9F96-68EB-4A27-8C0F-1B883129FC5A}.Debug|Any CPU.Build.0 = Debug|Any CPU
		{AB9D9F96-68EB-4A27-8C0F-1B883129FC5A}.Release|Any CPU.ActiveCfg = Release|Any CPU
		{AB9D9F96-68EB-4A27-8C0F-1B883129FC5A}.Release|Any CPU.Build.0 = Release|Any CPU
		{59A88863-DA1C-4965-9B2B-A0A4042DD742}.Debug|Any CPU.ActiveCfg = Debug|Any CPU
		{59A88863-DA1C-4965-9B2B-A0A4042DD742}.Debug|Any CPU.Build.0 = Debug|Any CPU
		{59A88863-DA1C-4965-9B2B-A0A4042DD742}.Release|Any CPU.ActiveCfg = Release|Any CPU
		{59A88863-DA1C-4965-9B2B-A0A4042DD742}.Release|Any CPU.Build.0 = Release|Any CPU
		{8F1A5A6E-1EC9-4C4E-AA60-D3D52AC4FD28}.Debug|Any CPU.ActiveCfg = Debug|Any CPU
		{8F1A5A6E-1EC9-4C4E-AA60-D3D52AC4FD28}.Debug|Any CPU.Build.0 = Debug|Any CPU
		{8F1A5A6E-1EC9-4C4E-AA60-D3D52AC4FD28}.Release|Any CPU.ActiveCfg = Release|Any CPU
		{8F1A5A6E-1EC9-4C4E-AA60-D3D52AC4FD28}.Release|Any CPU.Build.0 = Release|Any CPU
		{8FB11A52-7860-49A8-B8EE-A69073FF3F13}.Debug|Any CPU.ActiveCfg = Debug|Any CPU
		{8FB11A52-7860-49A8-B8EE-A69073FF3F13}.Debug|Any CPU.Build.0 = Debug|Any CPU
		{8FB11A52-7860-49A8-B8EE-A69073FF3F13}.Release|Any CPU.ActiveCfg = Release|Any CPU
		{8FB11A52-7860-49A8-B8EE-A69073FF3F13}.Release|Any CPU.Build.0 = Release|Any CPU
		{F086DE24-F59B-4394-89B4-048B11FE24A1}.Debug|Any CPU.ActiveCfg = Debug|Any CPU
		{F086DE24-F59B-4394-89B4-048B11FE24A1}.Debug|Any CPU.Build.0 = Debug|Any CPU
		{F086DE24-F59B-4394-89B4-048B11FE24A1}.Release|Any CPU.ActiveCfg = Release|Any CPU
		{F086DE24-F59B-4394-89B4-048B11FE24A1}.Release|Any CPU.Build.0 = Release|Any CPU
		{837A32A5-00EF-421A-86B3-F012B1935BE2}.Debug|Any CPU.ActiveCfg = Debug|Any CPU
		{837A32A5-00EF-421A-86B3-F012B1935BE2}.Debug|Any CPU.Build.0 = Debug|Any CPU
		{837A32A5-00EF-421A-86B3-F012B1935BE2}.Release|Any CPU.ActiveCfg = Release|Any CPU
		{837A32A5-00EF-421A-86B3-F012B1935BE2}.Release|Any CPU.Build.0 = Release|Any CPU
	EndGlobalSection
	GlobalSection(SolutionProperties) = preSolution
		HideSolutionNode = FALSE
	EndGlobalSection
	GlobalSection(ExtensibilityGlobals) = postSolution
		SolutionGuid = {B37B3831-0435-4BD6-8FF5-A88B6223A691}
	EndGlobalSection
EndGlobal
