
Microsoft Visual Studio Solution File, Format Version 12.00
# Visual Studio Version 16
VisualStudioVersion = 16.0.32106.194
MinimumVisualStudioVersion = 10.0.40219.1
Project("{FAE04EC0-301F-11D3-BF4B-00C04F79EFBC}") = "Task207", "Task207.csproj", "{C9019E1D-CF4F-49BD-9D64-B63EF22FE68D}"
EndProject
Global
	GlobalSection(SolutionConfigurationPlatforms) = preSolution
		Debug|Any CPU = Debug|Any CPU
		Release|Any CPU = Release|Any CPU
	EndGlobalSection
	GlobalSection(ProjectConfigurationPlatforms) = postSolution
		{C9019E1D-CF4F-49BD-9D64-B63EF22FE68D}.Debug|Any CPU.ActiveCfg = Debug|Any CPU
		{C9019E1D-CF4F-49BD-9D64-B63EF22FE68D}.Debug|Any CPU.Build.0 = Debug|Any CPU
		{C9019E1D-CF4F-49BD-9D64-B63EF22FE68D}.Release|Any CPU.ActiveCfg = Release|Any CPU
		{C9019E1D-CF4F-49BD-9D64-B63EF22FE68D}.Release|Any CPU.Build.0 = Release|Any CPU
	EndGlobalSection
	GlobalSection(SolutionProperties) = preSolution
		HideSolutionNode = FALSE
	EndGlobalSection
	GlobalSection(ExtensibilityGlobals) = postSolution
		SolutionGuid = {7BDD9B0C-DBD7-4ED9-8A7B-4BD4542F8989}
	EndGlobalSection
EndGlobal
