
Microsoft Visual Studio Solution File, Format Version 12.00
# Visual Studio Version 16
VisualStudioVersion = 16.0.31515.178
MinimumVisualStudioVersion = 10.0.40219.1
Project("{FAE04EC0-301F-11D3-BF4B-00C04F79EFBC}") = "Task201", "Task201\Task201.csproj", "{C2EF07D4-FC7A-46F0-A6BC-8C1A0A3D1174}"
EndProject
Project("{FAE04EC0-301F-11D3-BF4B-00C04F79EFBC}") = "Task202", "Task202\Task202.csproj", "{C9BF54B7-58F3-44DC-8EC8-807286766769}"
EndProject
Project("{FAE04EC0-301F-11D3-BF4B-00C04F79EFBC}") = "Task203", "Task203\Task203.csproj", "{FDE803F3-E3DE-4434-B6F7-47208202E0AE}"
EndProject
Project("{FAE04EC0-301F-11D3-BF4B-00C04F79EFBC}") = "Task204", "Task204\Task204.csproj", "{F57428ED-70CE-431D-A028-E1C801541342}"
EndProject
Project("{FAE04EC0-301F-11D3-BF4B-00C04F79EFBC}") = "Task205", "Task205\Task205.csproj", "{61CBF521-1977-4F14-AA2C-6028AC852395}"
EndProject
Project("{FAE04EC0-301F-11D3-BF4B-00C04F79EFBC}") = "Task206", "Task206\Task206.csproj", "{E8CE5E34-CF24-4574-86C2-E3CBA208B85B}"
EndProject
Project("{FAE04EC0-301F-11D3-BF4B-00C04F79EFBC}") = "Task207", "Task207\Task207.csproj", "{07D40A3E-7E46-4258-AD68-65BFCBC7F850}"
EndProject
Project("{FAE04EC0-301F-11D3-BF4B-00C04F79EFBC}") = "Task208", "Task208\Task208.csproj", "{02AD4666-B262-4A87-8AC8-74D646C7EB62}"
EndProject
Project("{FAE04EC0-301F-11D3-BF4B-00C04F79EFBC}") = "Task209", "Task209\Task209.csproj", "{BDDE0941-D577-4441-845E-F21E17CB600D}"
EndProject
Project("{FAE04EC0-301F-11D3-BF4B-00C04F79EFBC}") = "Task212", "Task212\Task212.csproj", "{D99A4B1A-68D0-4A8B-84EC-8D16F9C3B755}"
EndProject
Project("{FAE04EC0-301F-11D3-BF4B-00C04F79EFBC}") = "Task213", "Task213\Task213.csproj", "{482DC337-01F3-4DAC-8B90-B8C64A750B61}"
EndProject
Project("{FAE04EC0-301F-11D3-BF4B-00C04F79EFBC}") = "Task214", "Task214\Task214.csproj", "{2EB4286C-3B1F-430C-8B37-2787E49C3881}"
EndProject
Project("{FAE04EC0-301F-11D3-BF4B-00C04F79EFBC}") = "Task215", "Task215\Task215.csproj", "{6AF91F6E-8A72-4130-9227-D5EB0827E3A5}"
EndProject
Project("{FAE04EC0-301F-11D3-BF4B-00C04F79EFBC}") = "Task216", "Task216\Task216.csproj", "{0368ADF1-FBF1-49D7-8B96-89124A5B4DBD}"
EndProject
Project("{FAE04EC0-301F-11D3-BF4B-00C04F79EFBC}") = "Task218", "Task218\Task218.csproj", "{9F9328AB-3F92-485B-A921-83914F1E431C}"
EndProject
Project("{FAE04EC0-301F-11D3-BF4B-00C04F79EFBC}") = "Task219", "Task219\Task219.csproj", "{DD12AA24-BB2D-4A13-801B-CBB11BB23ECB}"
EndProject
Global
	GlobalSection(SolutionConfigurationPlatforms) = preSolution
		Debug|Any CPU = Debug|Any CPU
		Release|Any CPU = Release|Any CPU
	EndGlobalSection
	GlobalSection(ProjectConfigurationPlatforms) = postSolution
		{C2EF07D4-FC7A-46F0-A6BC-8C1A0A3D1174}.Debug|Any CPU.ActiveCfg = Debug|Any CPU
		{C2EF07D4-FC7A-46F0-A6BC-8C1A0A3D1174}.Debug|Any CPU.Build.0 = Debug|Any CPU
		{C2EF07D4-FC7A-46F0-A6BC-8C1A0A3D1174}.Release|Any CPU.ActiveCfg = Release|Any CPU
		{C2EF07D4-FC7A-46F0-A6BC-8C1A0A3D1174}.Release|Any CPU.Build.0 = Release|Any CPU
		{C9BF54B7-58F3-44DC-8EC8-807286766769}.Debug|Any CPU.ActiveCfg = Debug|Any CPU
		{C9BF54B7-58F3-44DC-8EC8-807286766769}.Debug|Any CPU.Build.0 = Debug|Any CPU
		{C9BF54B7-58F3-44DC-8EC8-807286766769}.Release|Any CPU.ActiveCfg = Release|Any CPU
		{C9BF54B7-58F3-44DC-8EC8-807286766769}.Release|Any CPU.Build.0 = Release|Any CPU
		{FDE803F3-E3DE-4434-B6F7-47208202E0AE}.Debug|Any CPU.ActiveCfg = Debug|Any CPU
		{FDE803F3-E3DE-4434-B6F7-47208202E0AE}.Debug|Any CPU.Build.0 = Debug|Any CPU
		{FDE803F3-E3DE-4434-B6F7-47208202E0AE}.Release|Any CPU.ActiveCfg = Release|Any CPU
		{FDE803F3-E3DE-4434-B6F7-47208202E0AE}.Release|Any CPU.Build.0 = Release|Any CPU
		{F57428ED-70CE-431D-A028-E1C801541342}.Debug|Any CPU.ActiveCfg = Debug|Any CPU
		{F57428ED-70CE-431D-A028-E1C801541342}.Debug|Any CPU.Build.0 = Debug|Any CPU
		{F57428ED-70CE-431D-A028-E1C801541342}.Release|Any CPU.ActiveCfg = Release|Any CPU
		{F57428ED-70CE-431D-A028-E1C801541342}.Release|Any CPU.Build.0 = Release|Any CPU
		{61CBF521-1977-4F14-AA2C-6028AC852395}.Debug|Any CPU.ActiveCfg = Debug|Any CPU
		{61CBF521-1977-4F14-AA2C-6028AC852395}.Debug|Any CPU.Build.0 = Debug|Any CPU
		{61CBF521-1977-4F14-AA2C-6028AC852395}.Release|Any CPU.ActiveCfg = Release|Any CPU
		{61CBF521-1977-4F14-AA2C-6028AC852395}.Release|Any CPU.Build.0 = Release|Any CPU
		{E8CE5E34-CF24-4574-86C2-E3CBA208B85B}.Debug|Any CPU.ActiveCfg = Debug|Any CPU
		{E8CE5E34-CF24-4574-86C2-E3CBA208B85B}.Debug|Any CPU.Build.0 = Debug|Any CPU
		{E8CE5E34-CF24-4574-86C2-E3CBA208B85B}.Release|Any CPU.ActiveCfg = Release|Any CPU
		{E8CE5E34-CF24-4574-86C2-E3CBA208B85B}.Release|Any CPU.Build.0 = Release|Any CPU
		{07D40A3E-7E46-4258-AD68-65BFCBC7F850}.Debug|Any CPU.ActiveCfg = Debug|Any CPU
		{07D40A3E-7E46-4258-AD68-65BFCBC7F850}.Debug|Any CPU.Build.0 = Debug|Any CPU
		{07D40A3E-7E46-4258-AD68-65BFCBC7F850}.Release|Any CPU.ActiveCfg = Release|Any CPU
		{07D40A3E-7E46-4258-AD68-65BFCBC7F850}.Release|Any CPU.Build.0 = Release|Any CPU
		{02AD4666-B262-4A87-8AC8-74D646C7EB62}.Debug|Any CPU.ActiveCfg = Debug|Any CPU
		{02AD4666-B262-4A87-8AC8-74D646C7EB62}.Debug|Any CPU.Build.0 = Debug|Any CPU
		{02AD4666-B262-4A87-8AC8-74D646C7EB62}.Release|Any CPU.ActiveCfg = Release|Any CPU
		{02AD4666-B262-4A87-8AC8-74D646C7EB62}.Release|Any CPU.Build.0 = Release|Any CPU
		{BDDE0941-D577-4441-845E-F21E17CB600D}.Debug|Any CPU.ActiveCfg = Debug|Any CPU
		{BDDE0941-D577-4441-845E-F21E17CB600D}.Debug|Any CPU.Build.0 = Debug|Any CPU
		{BDDE0941-D577-4441-845E-F21E17CB600D}.Release|Any CPU.ActiveCfg = Release|Any CPU
		{BDDE0941-D577-4441-845E-F21E17CB600D}.Release|Any CPU.Build.0 = Release|Any CPU
		{D99A4B1A-68D0-4A8B-84EC-8D16F9C3B755}.Debug|Any CPU.ActiveCfg = Debug|Any CPU
		{D99A4B1A-68D0-4A8B-84EC-8D16F9C3B755}.Debug|Any CPU.Build.0 = Debug|Any CPU
		{D99A4B1A-68D0-4A8B-84EC-8D16F9C3B755}.Release|Any CPU.ActiveCfg = Release|Any CPU
		{D99A4B1A-68D0-4A8B-84EC-8D16F9C3B755}.Release|Any CPU.Build.0 = Release|Any CPU
		{482DC337-01F3-4DAC-8B90-B8C64A750B61}.Debug|Any CPU.ActiveCfg = Debug|Any CPU
		{482DC337-01F3-4DAC-8B90-B8C64A750B61}.Debug|Any CPU.Build.0 = Debug|Any CPU
		{482DC337-01F3-4DAC-8B90-B8C64A750B61}.Release|Any CPU.ActiveCfg = Release|Any CPU
		{482DC337-01F3-4DAC-8B90-B8C64A750B61}.Release|Any CPU.Build.0 = Release|Any CPU
		{2EB4286C-3B1F-430C-8B37-2787E49C3881}.Debug|Any CPU.ActiveCfg = Debug|Any CPU
		{2EB4286C-3B1F-430C-8B37-2787E49C3881}.Debug|Any CPU.Build.0 = Debug|Any CPU
		{2EB4286C-3B1F-430C-8B37-2787E49C3881}.Release|Any CPU.ActiveCfg = Release|Any CPU
		{2EB4286C-3B1F-430C-8B37-2787E49C3881}.Release|Any CPU.Build.0 = Release|Any CPU
		{6AF91F6E-8A72-4130-9227-D5EB0827E3A5}.Debug|Any CPU.ActiveCfg = Debug|Any CPU
		{6AF91F6E-8A72-4130-9227-D5EB0827E3A5}.Debug|Any CPU.Build.0 = Debug|Any CPU
		{6AF91F6E-8A72-4130-9227-D5EB0827E3A5}.Release|Any CPU.ActiveCfg = Release|Any CPU
		{6AF91F6E-8A72-4130-9227-D5EB0827E3A5}.Release|Any CPU.Build.0 = Release|Any CPU
		{0368ADF1-FBF1-49D7-8B96-89124A5B4DBD}.Debug|Any CPU.ActiveCfg = Debug|Any CPU
		{0368ADF1-FBF1-49D7-8B96-89124A5B4DBD}.Debug|Any CPU.Build.0 = Debug|Any CPU
		{0368ADF1-FBF1-49D7-8B96-89124A5B4DBD}.Release|Any CPU.ActiveCfg = Release|Any CPU
		{0368ADF1-FBF1-49D7-8B96-89124A5B4DBD}.Release|Any CPU.Build.0 = Release|Any CPU
		{9F9328AB-3F92-485B-A921-83914F1E431C}.Debug|Any CPU.ActiveCfg = Debug|Any CPU
		{9F9328AB-3F92-485B-A921-83914F1E431C}.Debug|Any CPU.Build.0 = Debug|Any CPU
		{9F9328AB-3F92-485B-A921-83914F1E431C}.Release|Any CPU.ActiveCfg = Release|Any CPU
		{9F9328AB-3F92-485B-A921-83914F1E431C}.Release|Any CPU.Build.0 = Release|Any CPU
		{DD12AA24-BB2D-4A13-801B-CBB11BB23ECB}.Debug|Any CPU.ActiveCfg = Debug|Any CPU
		{DD12AA24-BB2D-4A13-801B-CBB11BB23ECB}.Debug|Any CPU.Build.0 = Debug|Any CPU
		{DD12AA24-BB2D-4A13-801B-CBB11BB23ECB}.Release|Any CPU.ActiveCfg = Release|Any CPU
		{DD12AA24-BB2D-4A13-801B-CBB11BB23ECB}.Release|Any CPU.Build.0 = Release|Any CPU
	EndGlobalSection
	GlobalSection(SolutionProperties) = preSolution
		HideSolutionNode = FALSE
	EndGlobalSection
	GlobalSection(ExtensibilityGlobals) = postSolution
		SolutionGuid = {15299023-5B95-4501-AC43-4D16A1DAEF3D}
	EndGlobalSection
EndGlobal
