
Microsoft Visual Studio Solution File, Format Version 12.00
# Visual Studio Version 17
VisualStudioVersion = 17.1.32407.343
MinimumVisualStudioVersion = 10.0.40219.1
Project("{FAE04EC0-301F-11D3-BF4B-00C04F79EFBC}") = "206", "206.csproj", "{BC8EA961-CD0F-44F3-B2DA-AEC9E8DCF78E}"
EndProject
Global
	GlobalSection(SolutionConfigurationPlatforms) = preSolution
		Debug|Any CPU = Debug|Any CPU
		Release|Any CPU = Release|Any CPU
	EndGlobalSection
	GlobalSection(ProjectConfigurationPlatforms) = postSolution
		{BC8EA961-CD0F-44F3-B2DA-AEC9E8DCF78E}.Debug|Any CPU.ActiveCfg = Debug|Any CPU
		{BC8EA961-CD0F-44F3-B2DA-AEC9E8DCF78E}.Debug|Any CPU.Build.0 = Debug|Any CPU
		{BC8EA961-CD0F-44F3-B2DA-AEC9E8DCF78E}.Release|Any CPU.ActiveCfg = Release|Any CPU
		{BC8EA961-CD0F-44F3-B2DA-AEC9E8DCF78E}.Release|Any CPU.Build.0 = Release|Any CPU
	EndGlobalSection
	GlobalSection(SolutionProperties) = preSolution
		HideSolutionNode = FALSE
	EndGlobalSection
	GlobalSection(ExtensibilityGlobals) = postSolution
		SolutionGuid = {D9B22A5A-7950-4CFF-9D13-8BD119350F0B}
	EndGlobalSection
EndGlobal
