
Microsoft Visual Studio Solution File, Format Version 12.00
# Visual Studio Version 16
VisualStudioVersion = 16.0.810.21
MinimumVisualStudioVersion = 10.0.40219.1
Project("{FAE04EC0-301F-11D3-BF4B-00C04F79EFBC}") = "201", "201\201.csproj", "{A93D7741-1BAB-4FA5-8F98-F99293104424}"
EndProject
Global
	GlobalSection(SolutionConfigurationPlatforms) = preSolution
		Debug|Any CPU = Debug|Any CPU
		Release|Any CPU = Release|Any CPU
	EndGlobalSection
	GlobalSection(ProjectConfigurationPlatforms) = postSolution
		{A93D7741-1BAB-4FA5-8F98-F99293104424}.Debug|Any CPU.ActiveCfg = Debug|Any CPU
		{A93D7741-1BAB-4FA5-8F98-F99293104424}.Debug|Any CPU.Build.0 = Debug|Any CPU
		{A93D7741-1BAB-4FA5-8F98-F99293104424}.Release|Any CPU.ActiveCfg = Release|Any CPU
		{A93D7741-1BAB-4FA5-8F98-F99293104424}.Release|Any CPU.Build.0 = Release|Any CPU
	EndGlobalSection
	GlobalSection(SolutionProperties) = preSolution
		HideSolutionNode = FALSE
	EndGlobalSection
	GlobalSection(ExtensibilityGlobals) = postSolution
		SolutionGuid = {0E50549B-5371-4D75-B2CB-11B790DBED75}
	EndGlobalSection
EndGlobal
