
Microsoft Visual Studio Solution File, Format Version 12.00
# Visual Studio Version 16
VisualStudioVersion = 16.0.810.21
MinimumVisualStudioVersion = 10.0.40219.1
Project("{FAE04EC0-301F-11D3-BF4B-00C04F79EFBC}") = "202", "202\202.csproj", "{27DCA760-9A1D-4536-85C6-DFFBEB637C14}"
EndProject
Global
	GlobalSection(SolutionConfigurationPlatforms) = preSolution
		Debug|Any CPU = Debug|Any CPU
		Release|Any CPU = Release|Any CPU
	EndGlobalSection
	GlobalSection(ProjectConfigurationPlatforms) = postSolution
		{27DCA760-9A1D-4536-85C6-DFFBEB637C14}.Debug|Any CPU.ActiveCfg = Debug|Any CPU
		{27DCA760-9A1D-4536-85C6-DFFBEB637C14}.Debug|Any CPU.Build.0 = Debug|Any CPU
		{27DCA760-9A1D-4536-85C6-DFFBEB637C14}.Release|Any CPU.ActiveCfg = Release|Any CPU
		{27DCA760-9A1D-4536-85C6-DFFBEB637C14}.Release|Any CPU.Build.0 = Release|Any CPU
	EndGlobalSection
	GlobalSection(SolutionProperties) = preSolution
		HideSolutionNode = FALSE
	EndGlobalSection
	GlobalSection(ExtensibilityGlobals) = postSolution
		SolutionGuid = {A013A629-4C80-436D-840A-8469C0EE01B4}
	EndGlobalSection
EndGlobal
